// !$*UTF8*$!
{
	archiveVersion = 1;
	classes = {
	};
	objectVersion = 56;
	objects = {

/* Begin PBXBuildFile section */
		AA1CD749290AEE06008D1BA9 /* Location+CoreDataClass.swift in Sources */ = {isa = PBXBuildFile; fileRef = AA1CD747290AEE06008D1BA9 /* Location+CoreDataClass.swift */; };
		AA1CD74A290AEE06008D1BA9 /* Location+CoreDataProperties.swift in Sources */ = {isa = PBXBuildFile; fileRef = AA1CD748290AEE06008D1BA9 /* Location+CoreDataProperties.swift */; };
		AA8E93022906C8D50077D672 /* LocationDetailsViewController.swift in Sources */ = {isa = PBXBuildFile; fileRef = AA8E93012906C8D50077D672 /* LocationDetailsViewController.swift */; };
		AA8E93042906E64C0077D672 /* CategoryPickerViewController.swift in Sources */ = {isa = PBXBuildFile; fileRef = AA8E93032906E64C0077D672 /* CategoryPickerViewController.swift */; };
		AA8E93062906F1EA0077D672 /* HudView.swift in Sources */ = {isa = PBXBuildFile; fileRef = AA8E93052906F1EA0077D672 /* HudView.swift */; };
		AA8E9308290705740077D672 /* Functions.swift in Sources */ = {isa = PBXBuildFile; fileRef = AA8E9307290705740077D672 /* Functions.swift */; };
		AAAD2DFB29033B7700C28905 /* AppDelegate.swift in Sources */ = {isa = PBXBuildFile; fileRef = AAAD2DFA29033B7700C28905 /* AppDelegate.swift */; };
		AAAD2DFD29033B7700C28905 /* SceneDelegate.swift in Sources */ = {isa = PBXBuildFile; fileRef = AAAD2DFC29033B7700C28905 /* SceneDelegate.swift */; };
		AAAD2DFF29033B7700C28905 /* CurrentLocationViewController.swift in Sources */ = {isa = PBXBuildFile; fileRef = AAAD2DFE29033B7700C28905 /* CurrentLocationViewController.swift */; };
		AAAD2E0229033B7700C28905 /* Main.storyboard in Resources */ = {isa = PBXBuildFile; fileRef = AAAD2E0029033B7700C28905 /* Main.storyboard */; };
		AAAD2E0529033B7700C28905 /* MyLocations.xcdatamodeld in Sources */ = {isa = PBXBuildFile; fileRef = AAAD2E0329033B7700C28905 /* MyLocations.xcdatamodeld */; };
		AAAD2E0729033B7800C28905 /* Assets.xcassets in Resources */ = {isa = PBXBuildFile; fileRef = AAAD2E0629033B7800C28905 /* Assets.xcassets */; };
		AAAD2E0A29033B7800C28905 /* LaunchScreen.storyboard in Resources */ = {isa = PBXBuildFile; fileRef = AAAD2E0829033B7800C28905 /* LaunchScreen.storyboard */; };
		AAB3AE752911A81E004E713E /* MapViewController.swift in Sources */ = {isa = PBXBuildFile; fileRef = AAB3AE742911A81E004E713E /* MapViewController.swift */; };
		AAF4500B290B0AEC006A81A5 /* LocationsViewController.swift in Sources */ = {isa = PBXBuildFile; fileRef = AAF4500A290B0AEC006A81A5 /* LocationsViewController.swift */; };
		AAF4500D290B0E04006A81A5 /* LocationCell.swift in Sources */ = {isa = PBXBuildFile; fileRef = AAF4500C290B0E04006A81A5 /* LocationCell.swift */; };
		AAF4AB412912CA18002749A5 /* UIImage+Resize.swift in Sources */ = {isa = PBXBuildFile; fileRef = AAF4AB402912CA18002749A5 /* UIImage+Resize.swift */; };
		AAF4AB432912D38B002749A5 /* String+AddText.swift in Sources */ = {isa = PBXBuildFile; fileRef = AAF4AB422912D38B002749A5 /* String+AddText.swift */; };
		AAF4AB462912EF3B002749A5 /* Sound.caf in Resources */ = {isa = PBXBuildFile; fileRef = AAF4AB452912EF3B002749A5 /* Sound.caf */; };
/* End PBXBuildFile section */

/* Begin PBXFileReference section */
		AA1CD747290AEE06008D1BA9 /* Location+CoreDataClass.swift */ = {isa = PBXFileReference; lastKnownFileType = sourcecode.swift; path = "Location+CoreDataClass.swift"; sourceTree = "<group>"; };
		AA1CD748290AEE06008D1BA9 /* Location+CoreDataProperties.swift */ = {isa = PBXFileReference; lastKnownFileType = sourcecode.swift; path = "Location+CoreDataProperties.swift"; sourceTree = "<group>"; };
		AA8E93012906C8D50077D672 /* LocationDetailsViewController.swift */ = {isa = PBXFileReference; lastKnownFileType = sourcecode.swift; path = LocationDetailsViewController.swift; sourceTree = "<group>"; };
		AA8E93032906E64C0077D672 /* CategoryPickerViewController.swift */ = {isa = PBXFileReference; lastKnownFileType = sourcecode.swift; path = CategoryPickerViewController.swift; sourceTree = "<group>"; };
		AA8E93052906F1EA0077D672 /* HudView.swift */ = {isa = PBXFileReference; lastKnownFileType = sourcecode.swift; path = HudView.swift; sourceTree = "<group>"; };
		AA8E9307290705740077D672 /* Functions.swift */ = {isa = PBXFileReference; lastKnownFileType = sourcecode.swift; path = Functions.swift; sourceTree = "<group>"; };
		AAAD2DF729033B7700C28905 /* MyLocations.app */ = {isa = PBXFileReference; explicitFileType = wrapper.application; includeInIndex = 0; path = MyLocations.app; sourceTree = BUILT_PRODUCTS_DIR; };
		AAAD2DFA29033B7700C28905 /* AppDelegate.swift */ = {isa = PBXFileReference; lastKnownFileType = sourcecode.swift; path = AppDelegate.swift; sourceTree = "<group>"; };
		AAAD2DFC29033B7700C28905 /* SceneDelegate.swift */ = {isa = PBXFileReference; lastKnownFileType = sourcecode.swift; path = SceneDelegate.swift; sourceTree = "<group>"; };
		AAAD2DFE29033B7700C28905 /* CurrentLocationViewController.swift */ = {isa = PBXFileReference; lastKnownFileType = sourcecode.swift; path = CurrentLocationViewController.swift; sourceTree = "<group>"; };
		AAAD2E0129033B7700C28905 /* Base */ = {isa = PBXFileReference; lastKnownFileType = file.storyboard; name = Base; path = Base.lproj/Main.storyboard; sourceTree = "<group>"; };
		AAAD2E0429033B7700C28905 /* MyLocations.xcdatamodel */ = {isa = PBXFileReference; lastKnownFileType = wrapper.xcdatamodel; path = MyLocations.xcdatamodel; sourceTree = "<group>"; };
		AAAD2E0629033B7800C28905 /* Assets.xcassets */ = {isa = PBXFileReference; lastKnownFileType = folder.assetcatalog; path = Assets.xcassets; sourceTree = "<group>"; };
		AAAD2E0929033B7800C28905 /* Base */ = {isa = PBXFileReference; lastKnownFileType = file.storyboard; name = Base; path = Base.lproj/LaunchScreen.storyboard; sourceTree = "<group>"; };
		AAAD2E0B29033B7800C28905 /* Info.plist */ = {isa = PBXFileReference; lastKnownFileType = text.plist.xml; path = Info.plist; sourceTree = "<group>"; };
		AAB3AE742911A81E004E713E /* MapViewController.swift */ = {isa = PBXFileReference; lastKnownFileType = sourcecode.swift; path = MapViewController.swift; sourceTree = "<group>"; };
		AAF4500A290B0AEC006A81A5 /* LocationsViewController.swift */ = {isa = PBXFileReference; lastKnownFileType = sourcecode.swift; path = LocationsViewController.swift; sourceTree = "<group>"; };
		AAF4500C290B0E04006A81A5 /* LocationCell.swift */ = {isa = PBXFileReference; lastKnownFileType = sourcecode.swift; path = LocationCell.swift; sourceTree = "<group>"; };
		AAF4AB402912CA18002749A5 /* UIImage+Resize.swift */ = {isa = PBXFileReference; lastKnownFileType = sourcecode.swift; path = "UIImage+Resize.swift"; sourceTree = "<group>"; };
		AAF4AB422912D38B002749A5 /* String+AddText.swift */ = {isa = PBXFileReference; lastKnownFileType = sourcecode.swift; path = "String+AddText.swift"; sourceTree = "<group>"; };
		AAF4AB452912EF3B002749A5 /* Sound.caf */ = {isa = PBXFileReference; lastKnownFileType = file; path = Sound.caf; sourceTree = "<group>"; };
/* End PBXFileReference section */

/* Begin PBXFrameworksBuildPhase section */
		AAAD2DF429033B7700C28905 /* Frameworks */ = {
			isa = PBXFrameworksBuildPhase;
			buildActionMask = 2147483647;
			files = (
			);
			runOnlyForDeploymentPostprocessing = 0;
		};
/* End PBXFrameworksBuildPhase section */

/* Begin PBXGroup section */
		AAAD2DEE29033B7700C28905 = {
			isa = PBXGroup;
			children = (
				AA1CD747290AEE06008D1BA9 /* Location+CoreDataClass.swift */,
				AA1CD748290AEE06008D1BA9 /* Location+CoreDataProperties.swift */,
				AAAD2DF929033B7700C28905 /* MyLocations */,
				AAAD2DF829033B7700C28905 /* Products */,
			);
			sourceTree = "<group>";
		};
		AAAD2DF829033B7700C28905 /* Products */ = {
			isa = PBXGroup;
			children = (
				AAAD2DF729033B7700C28905 /* MyLocations.app */,
			);
			name = Products;
			sourceTree = "<group>";
		};
		AAAD2DF929033B7700C28905 /* MyLocations */ = {
			isa = PBXGroup;
			children = (
				AAF4AB442912EF3B002749A5 /* Sound */,
				AAAD2DFA29033B7700C28905 /* AppDelegate.swift */,
				AAAD2E0629033B7800C28905 /* Assets.xcassets */,
				AA8E93032906E64C0077D672 /* CategoryPickerViewController.swift */,
				AAAD2DFE29033B7700C28905 /* CurrentLocationViewController.swift */,
				AA8E9307290705740077D672 /* Functions.swift */,
				AA8E93052906F1EA0077D672 /* HudView.swift */,
				AAAD2E0B29033B7800C28905 /* Info.plist */,
				AAAD2E0829033B7800C28905 /* LaunchScreen.storyboard */,
				AA8E93012906C8D50077D672 /* LocationDetailsViewController.swift */,
				AAF4500A290B0AEC006A81A5 /* LocationsViewController.swift */,
				AAAD2E0029033B7700C28905 /* Main.storyboard */,
				AAAD2E0329033B7700C28905 /* MyLocations.xcdatamodeld */,
				AAAD2DFC29033B7700C28905 /* SceneDelegate.swift */,
				AAF4500C290B0E04006A81A5 /* LocationCell.swift */,
				AAB3AE742911A81E004E713E /* MapViewController.swift */,
				AAF4AB402912CA18002749A5 /* UIImage+Resize.swift */,
				AAF4AB422912D38B002749A5 /* String+AddText.swift */,
			);
			path = MyLocations;
			sourceTree = "<group>";
		};
		AAF4AB442912EF3B002749A5 /* Sound */ = {
			isa = PBXGroup;
			children = (
				AAF4AB452912EF3B002749A5 /* Sound.caf */,
			);
			path = Sound;
			sourceTree = "<group>";
		};
/* End PBXGroup section */

/* Begin PBXNativeTarget section */
		AAAD2DF629033B7700C28905 /* MyLocations */ = {
			isa = PBXNativeTarget;
			buildConfigurationList = AAAD2E0E29033B7800C28905 /* Build configuration list for PBXNativeTarget "MyLocations" */;
			buildPhases = (
				AAAD2DF329033B7700C28905 /* Sources */,
				AAAD2DF429033B7700C28905 /* Frameworks */,
				AAAD2DF529033B7700C28905 /* Resources */,
			);
			buildRules = (
			);
			dependencies = (
			);
			name = MyLocations;
			productName = MyLocations;
			productReference = AAAD2DF729033B7700C28905 /* MyLocations.app */;
			productType = "com.apple.product-type.application";
		};
/* End PBXNativeTarget section */

/* Begin PBXProject section */
		AAAD2DEF29033B7700C28905 /* Project object */ = {
			isa = PBXProject;
			attributes = {
				BuildIndependentTargetsInParallel = 1;
				LastSwiftUpdateCheck = 1400;
				LastUpgradeCheck = 1400;
				TargetAttributes = {
					AAAD2DF629033B7700C28905 = {
						CreatedOnToolsVersion = 14.0.1;
					};
				};
			};
			buildConfigurationList = AAAD2DF229033B7700C28905 /* Build configuration list for PBXProject "MyLocations" */;
			compatibilityVersion = "Xcode 14.0";
			developmentRegion = en;
			hasScannedForEncodings = 0;
			knownRegions = (
				en,
				Base,
			);
			mainGroup = AAAD2DEE29033B7700C28905;
			productRefGroup = AAAD2DF829033B7700C28905 /* Products */;
			projectDirPath = "";
			projectRoot = "";
			targets = (
				AAAD2DF629033B7700C28905 /* MyLocations */,
			);
		};
/* End PBXProject section */

/* Begin PBXResourcesBuildPhase section */
		AAAD2DF529033B7700C28905 /* Resources */ = {
			isa = PBXResourcesBuildPhase;
			buildActionMask = 2147483647;
			files = (
				AAAD2E0A29033B7800C28905 /* LaunchScreen.storyboard in Resources */,
				AAAD2E0729033B7800C28905 /* Assets.xcassets in Resources */,
				AAF4AB462912EF3B002749A5 /* Sound.caf in Resources */,
				AAAD2E0229033B7700C28905 /* Main.storyboard in Resources */,
			);
			runOnlyForDeploymentPostprocessing = 0;
		};
/* End PBXResourcesBuildPhase section */

/* Begin PBXSourcesBuildPhase section */
		AAAD2DF329033B7700C28905 /* Sources */ = {
			isa = PBXSourcesBuildPhase;
			buildActionMask = 2147483647;
			files = (
				AA8E93042906E64C0077D672 /* CategoryPickerViewController.swift in Sources */,
				AAAD2DFF29033B7700C28905 /* CurrentLocationViewController.swift in Sources */,
				AAAD2DFB29033B7700C28905 /* AppDelegate.swift in Sources */,
				AA8E9308290705740077D672 /* Functions.swift in Sources */,
				AAF4500B290B0AEC006A81A5 /* LocationsViewController.swift in Sources */,
				AA1CD74A290AEE06008D1BA9 /* Location+CoreDataProperties.swift in Sources */,
				AAB3AE752911A81E004E713E /* MapViewController.swift in Sources */,
				AAF4AB412912CA18002749A5 /* UIImage+Resize.swift in Sources */,
				AAF4500D290B0E04006A81A5 /* LocationCell.swift in Sources */,
				AAAD2E0529033B7700C28905 /* MyLocations.xcdatamodeld in Sources */,
				AAAD2DFD29033B7700C28905 /* SceneDelegate.swift in Sources */,
				AA1CD749290AEE06008D1BA9 /* Location+CoreDataClass.swift in Sources */,
				AAF4AB432912D38B002749A5 /* String+AddText.swift in Sources */,
				AA8E93062906F1EA0077D672 /* HudView.swift in Sources */,
				AA8E93022906C8D50077D672 /* LocationDetailsViewController.swift in Sources */,
			);
			runOnlyForDeploymentPostprocessing = 0;
		};
/* End PBXSourcesBuildPhase section */

/* Begin PBXVariantGroup section */
		AAAD2E0029033B7700C28905 /* Main.storyboard */ = {
			isa = PBXVariantGroup;
			children = (
				AAAD2E0129033B7700C28905 /* Base */,
			);
			name = Main.storyboard;
			sourceTree = "<group>";
		};
		AAAD2E0829033B7800C28905 /* LaunchScreen.storyboard */ = {
			isa = PBXVariantGroup;
			children = (
				AAAD2E0929033B7800C28905 /* Base */,
			);
			name = LaunchScreen.storyboard;
			sourceTree = "<group>";
		};
/* End PBXVariantGroup section */

/* Begin XCBuildConfiguration section */
		AAAD2E0C29033B7800C28905 /* Debug */ = {
			isa = XCBuildConfiguration;
			buildSettings = {
				ALWAYS_SEARCH_USER_PATHS = NO;
				CLANG_ANALYZER_NONNULL = YES;
				CLANG_ANALYZER_NUMBER_OBJECT_CONVERSION = YES_AGGRESSIVE;
				CLANG_CXX_LANGUAGE_STANDARD = "gnu++20";
				CLANG_ENABLE_MODULES = YES;
				CLANG_ENABLE_OBJC_ARC = YES;
				CLANG_ENABLE_OBJC_WEAK = YES;
				CLANG_WARN_BLOCK_CAPTURE_AUTORELEASING = YES;
				CLANG_WARN_BOOL_CONVERSION = YES;
				CLANG_WARN_COMMA = YES;
				CLANG_WARN_CONSTANT_CONVERSION = YES;
				CLANG_WARN_DEPRECATED_OBJC_IMPLEMENTATIONS = YES;
				CLANG_WARN_DIRECT_OBJC_ISA_USAGE = YES_ERROR;
				CLANG_WARN_DOCUMENTATION_COMMENTS = YES;
				CLANG_WARN_EMPTY_BODY = YES;
				CLANG_WARN_ENUM_CONVERSION = YES;
				CLANG_WARN_INFINITE_RECURSION = YES;
				CLANG_WARN_INT_CONVERSION = YES;
				CLANG_WARN_NON_LITERAL_NULL_CONVERSION = YES;
				CLANG_WARN_OBJC_IMPLICIT_RETAIN_SELF = YES;
				CLANG_WARN_OBJC_LITERAL_CONVERSION = YES;
				CLANG_WARN_OBJC_ROOT_CLASS = YES_ERROR;
				CLANG_WARN_QUOTED_INCLUDE_IN_FRAMEWORK_HEADER = YES;
				CLANG_WARN_RANGE_LOOP_ANALYSIS = YES;
				CLANG_WARN_STRICT_PROTOTYPES = YES;
				CLANG_WARN_SUSPICIOUS_MOVE = YES;
				CLANG_WARN_UNGUARDED_AVAILABILITY = YES_AGGRESSIVE;
				CLANG_WARN_UNREACHABLE_CODE = YES;
				CLANG_WARN__DUPLICATE_METHOD_MATCH = YES;
				COPY_PHASE_STRIP = NO;
				DEBUG_INFORMATION_FORMAT = dwarf;
				ENABLE_STRICT_OBJC_MSGSEND = YES;
				ENABLE_TESTABILITY = YES;
				GCC_C_LANGUAGE_STANDARD = gnu11;
				GCC_DYNAMIC_NO_PIC = NO;
				GCC_NO_COMMON_BLOCKS = YES;
				GCC_OPTIMIZATION_LEVEL = 0;
				GCC_PREPROCESSOR_DEFINITIONS = (
					"DEBUG=1",
					"$(inherited)",
				);
				GCC_WARN_64_TO_32_BIT_CONVERSION = YES;
				GCC_WARN_ABOUT_RETURN_TYPE = YES_ERROR;
				GCC_WARN_UNDECLARED_SELECTOR = YES;
				GCC_WARN_UNINITIALIZED_AUTOS = YES_AGGRESSIVE;
				GCC_WARN_UNUSED_FUNCTION = YES;
				GCC_WARN_UNUSED_VARIABLE = YES;
				IPHONEOS_DEPLOYMENT_TARGET = 16.0;
				MTL_ENABLE_DEBUG_INFO = INCLUDE_SOURCE;
				MTL_FAST_MATH = YES;
				ONLY_ACTIVE_ARCH = YES;
				SDKROOT = iphoneos;
				SWIFT_ACTIVE_COMPILATION_CONDITIONS = DEBUG;
				SWIFT_OPTIMIZATION_LEVEL = "-Onone";
			};
			name = Debug;
		};
		AAAD2E0D29033B7800C28905 /* Release */ = {
			isa = XCBuildConfiguration;
			buildSettings = {
				ALWAYS_SEARCH_USER_PATHS = NO;
				CLANG_ANALYZER_NONNULL = YES;
				CLANG_ANALYZER_NUMBER_OBJECT_CONVERSION = YES_AGGRESSIVE;
				CLANG_CXX_LANGUAGE_STANDARD = "gnu++20";
				CLANG_ENABLE_MODULES = YES;
				CLANG_ENABLE_OBJC_ARC = YES;
				CLANG_ENABLE_OBJC_WEAK = YES;
				CLANG_WARN_BLOCK_CAPTURE_AUTORELEASING = YES;
				CLANG_WARN_BOOL_CONVERSION = YES;
				CLANG_WARN_COMMA = YES;
				CLANG_WARN_CONSTANT_CONVERSION = YES;
				CLANG_WARN_DEPRECATED_OBJC_IMPLEMENTATIONS = YES;
				CLANG_WARN_DIRECT_OBJC_ISA_USAGE = YES_ERROR;
				CLANG_WARN_DOCUMENTATION_COMMENTS = YES;
				CLANG_WARN_EMPTY_BODY = YES;
				CLANG_WARN_ENUM_CONVERSION = YES;
				CLANG_WARN_INFINITE_RECURSION = YES;
				CLANG_WARN_INT_CONVERSION = YES;
				CLANG_WARN_NON_LITERAL_NULL_CONVERSION = YES;
				CLANG_WARN_OBJC_IMPLICIT_RETAIN_SELF = YES;
				CLANG_WARN_OBJC_LITERAL_CONVERSION = YES;
				CLANG_WARN_OBJC_ROOT_CLASS = YES_ERROR;
				CLANG_WARN_QUOTED_INCLUDE_IN_FRAMEWORK_HEADER = YES;
				CLANG_WARN_RANGE_LOOP_ANALYSIS = YES;
				CLANG_WARN_STRICT_PROTOTYPES = YES;
				CLANG_WARN_SUSPICIOUS_MOVE = YES;
				CLANG_WARN_UNGUARDED_AVAILABILITY = YES_AGGRESSIVE;
				CLANG_WARN_UNREACHABLE_CODE = YES;
				CLANG_WARN__DUPLICATE_METHOD_MATCH = YES;
				COPY_PHASE_STRIP = NO;
				DEBUG_INFORMATION_FORMAT = "dwarf-with-dsym";
				ENABLE_NS_ASSERTIONS = NO;
				ENABLE_STRICT_OBJC_MSGSEND = YES;
				GCC_C_LANGUAGE_STANDARD = gnu11;
				GCC_NO_COMMON_BLOCKS = YES;
				GCC_WARN_64_TO_32_BIT_CONVERSION = YES;
				GCC_WARN_ABOUT_RETURN_TYPE = YES_ERROR;
				GCC_WARN_UNDECLARED_SELECTOR = YES;
				GCC_WARN_UNINITIALIZED_AUTOS = YES_AGGRESSIVE;
				GCC_WARN_UNUSED_FUNCTION = YES;
				GCC_WARN_UNUSED_VARIABLE = YES;
				IPHONEOS_DEPLOYMENT_TARGET = 16.0;
				MTL_ENABLE_DEBUG_INFO = NO;
				MTL_FAST_MATH = YES;
				SDKROOT = iphoneos;
				SWIFT_COMPILATION_MODE = wholemodule;
				SWIFT_OPTIMIZATION_LEVEL = "-O";
				VALIDATE_PRODUCT = YES;
			};
			name = Release;
		};
		AAAD2E0F29033B7800C28905 /* Debug */ = {
			isa = XCBuildConfiguration;
			buildSettings = {
				ASSETCATALOG_COMPILER_APPICON_NAME = AppIcon;
				ASSETCATALOG_COMPILER_GLOBAL_ACCENT_COLOR_NAME = AccentColor;
				CODE_SIGN_STYLE = Automatic;
				CURRENT_PROJECT_VERSION = 1;
				DEVELOPMENT_TEAM = MATAH478GH;
				GENERATE_INFOPLIST_FILE = YES;
				INFOPLIST_FILE = MyLocations/Info.plist;
				INFOPLIST_KEY_LSApplicationCategoryType = "";
				INFOPLIST_KEY_NSCameraUsageDescription = "Add photos to your locations";
				INFOPLIST_KEY_NSLocationWhenInUseUsageDescription = "This app lets you keep track of interesting places. It needs access to the GPS coordinates for your location.";
				INFOPLIST_KEY_NSPhotoLibraryUsageDescription = "Add photos to your locations";
				INFOPLIST_KEY_UIApplicationSupportsIndirectInputEvents = YES;
				INFOPLIST_KEY_UILaunchStoryboardName = LaunchScreen;
				INFOPLIST_KEY_UIMainStoryboardFile = Main;
				INFOPLIST_KEY_UIRequiredDeviceCapabilities = "location-services gps";
				INFOPLIST_KEY_UIStatusBarStyle = UIStatusBarStyleLightContent;
				INFOPLIST_KEY_UISupportedInterfaceOrientations = UIInterfaceOrientationPortrait;
				INFOPLIST_KEY_UISupportedInterfaceOrientations_iPad = "UIInterfaceOrientationLandscapeLeft UIInterfaceOrientationLandscapeRight UIInterfaceOrientationPortrait UIInterfaceOrientationPortraitUpsideDown";
				INFOPLIST_KEY_UIUserInterfaceStyle = Dark;
				LD_RUNPATH_SEARCH_PATHS = (
					"$(inherited)",
					"@executable_path/Frameworks",
				);
				MARKETING_VERSION = 1.0;
				PRODUCT_BUNDLE_IDENTIFIER = CelesTech.MyLocations.MyLocations;
				PRODUCT_NAME = "$(TARGET_NAME)";
				SWIFT_EMIT_LOC_STRINGS = YES;
				SWIFT_VERSION = 5.0;
				TARGETED_DEVICE_FAMILY = "1,2";
			};
			name = Debug;
		};
		AAAD2E1029033B7800C28905 /* Release */ = {
			isa = XCBuildConfiguration;
			buildSettings = {
				ASSETCATALOG_COMPILER_APPICON_NAME = AppIcon;
				ASSETCATALOG_COMPILER_GLOBAL_ACCENT_COLOR_NAME = AccentColor;
				CODE_SIGN_STYLE = Automatic;
				CURRENT_PROJECT_VERSION = 1;
				DEVELOPMENT_TEAM = MATAH478GH;
				GENERATE_INFOPLIST_FILE = YES;
				INFOPLIST_FILE = MyLocations/Info.plist;
				INFOPLIST_KEY_LSApplicationCategoryType = "";
				INFOPLIST_KEY_NSCameraUsageDescription = "Add photos to your locations";
				INFOPLIST_KEY_NSLocationWhenInUseUsageDescription = "This app lets you keep track of interesting places. It needs access to the GPS coordinates for your location.";
				INFOPLIST_KEY_NSPhotoLibraryUsageDescription = "Add photos to your locations";
				INFOPLIST_KEY_UIApplicationSupportsIndirectInputEvents = YES;
				INFOPLIST_KEY_UILaunchStoryboardName = LaunchScreen;
				INFOPLIST_KEY_UIMainStoryboardFile = Main;
				INFOPLIST_KEY_UIRequiredDeviceCapabilities = "location-services gps";
				INFOPLIST_KEY_UIStatusBarStyle = UIStatusBarStyleLightContent;
				INFOPLIST_KEY_UISupportedInterfaceOrientations = UIInterfaceOrientationPortrait;
				INFOPLIST_KEY_UISupportedInterfaceOrientations_iPad = "UIInterfaceOrientationLandscapeLeft UIInterfaceOrientationLandscapeRight UIInterfaceOrientationPortrait UIInterfaceOrientationPortraitUpsideDown";
				INFOPLIST_KEY_UIUserInterfaceStyle = Dark;
				LD_RUNPATH_SEARCH_PATHS = (
					"$(inherited)",
					"@executable_path/Frameworks",
				);
				MARKETING_VERSION = 1.0;
				PRODUCT_BUNDLE_IDENTIFIER = CelesTech.MyLocations.MyLocations;
				PRODUCT_NAME = "$(TARGET_NAME)";
				SWIFT_EMIT_LOC_STRINGS = YES;
				SWIFT_VERSION = 5.0;
				TARGETED_DEVICE_FAMILY = "1,2";
			};
			name = Release;
		};
/* End XCBuildConfiguration section */

/* Begin XCConfigurationList section */
		AAAD2DF229033B7700C28905 /* Build configuration list for PBXProject "MyLocations" */ = {
			isa = XCConfigurationList;
			buildConfigurations = (
				AAAD2E0C29033B7800C28905 /* Debug */,
				AAAD2E0D29033B7800C28905 /* Release */,
			);
			defaultConfigurationIsVisible = 0;
			defaultConfigurationName = Release;
		};
		AAAD2E0E29033B7800C28905 /* Build configuration list for PBXNativeTarget "MyLocations" */ = {
			isa = XCConfigurationList;
			buildConfigurations = (
				AAAD2E0F29033B7800C28905 /* Debug */,
				AAAD2E1029033B7800C28905 /* Release */,
			);
			defaultConfigurationIsVisible = 0;
			defaultConfigurationName = Release;
		};
/* End XCConfigurationList section */

/* Begin XCVersionGroup section */
		AAAD2E0329033B7700C28905 /* MyLocations.xcdatamodeld */ = {
			isa = XCVersionGroup;
			children = (
				AAAD2E0429033B7700C28905 /* MyLocations.xcdatamodel */,
			);
			currentVersion = AAAD2E0429033B7700C28905 /* MyLocations.xcdatamodel */;
			path = MyLocations.xcdatamodeld;
			sourceTree = "<group>";
			versionGroupType = wrapper.xcdatamodel;
		};
/* End XCVersionGroup section */
	};
	rootObject = AAAD2DEF29033B7700C28905 /* Project object */;
}
